{
  "nodes": {
    "nixpkgs": {
      "locked": {
        "lastModified": 1649175693,
        "narHash": "sha256-s241WS3CI8470TOi9pLRQMzVdyqMEdOZXM3PKwIL6zM=",
        "owner": "NixOS",
        "repo": "nixpkgs",
        "rev": "f712cdd62e0e6763897096e62627f72061b2e6a3",
        "type": "github"
      },
      "original": {
        "owner": "NixOS",
        "ref": "nixpkgs-unstable",
        "repo": "nixpkgs",
        "type": "github"
      }
    },
    "root": {
      "inputs": {
        "nixpkgs": "nixpkgs"
      }
    }
  },
  "root": "root",
  "version": 7
}
