{
  "nodes": {
    "nixpkgs": {
      "locked": {
        "lastModified": 1633418338,
        "narHash": "sha256-3bP9S4jS5/NplezIAtRX1VFwqfhQoXrTEZSkANr3VcM=",
        "owner": "NixOS",
        "repo": "nixpkgs",
        "rev": "248936ea5700b25cfa9b7eaf8abe13a11fe15617",
        "type": "github"
      },
      "original": {
        "owner": "NixOS",
        "ref": "nixpkgs-unstable",
        "repo": "nixpkgs",
        "type": "github"
      }
    },
    "root": {
      "inputs": {
        "nixpkgs": "nixpkgs"
      }
    }
  },
  "root": "root",
  "version": 7
}
