{
  "nodes": {
    "nixpkgs": {
      "locked": {
        "lastModified": 1597250822,
        "narHash": "sha256-fGWiPgaGk6koOfCWUcFZU9EjNP1GB9UnJ01RqMhlGxs=",
        "owner": "NixOS",
        "repo": "nixpkgs",
        "rev": "22e8ada3b3c5fe6d33da9bf8e4d73e3be9fdc993",
        "type": "github"
      },
      "original": {
        "id": "nixpkgs",
        "type": "indirect"
      }
    },
    "root": {
      "inputs": {
        "nixpkgs": "nixpkgs"
      }
    }
  },
  "root": "root",
  "version": 7
}
